
Microsoft Visual Studio Solution File, Format Version 12.00
# Visual Studio Version 17
VisualStudioVersion = 17.11.35208.52
MinimumVisualStudioVersion = 10.0.40219.1
Project("{FAE04EC0-301F-11D3-BF4B-00C04F79EFBC}") = "hw11", "hw11\hw11.csproj", "{D1F2BD75-F5EE-4C5F-BFE2-46DD9E41D100}"
EndProject
Global
	GlobalSection(SolutionConfigurationPlatforms) = preSolution
		Debug|Any CPU = Debug|Any CPU
		Release|Any CPU = Release|Any CPU
	EndGlobalSection
	GlobalSection(ProjectConfigurationPlatforms) = postSolution
		{D1F2BD75-F5EE-4C5F-BFE2-46DD9E41D100}.Debug|Any CPU.ActiveCfg = Debug|Any CPU
		{D1F2BD75-F5EE-4C5F-BFE2-46DD9E41D100}.Debug|Any CPU.Build.0 = Debug|Any CPU
		{D1F2BD75-F5EE-4C5F-BFE2-46DD9E41D100}.Release|Any CPU.ActiveCfg = Release|Any CPU
		{D1F2BD75-F5EE-4C5F-BFE2-46DD9E41D100}.Release|Any CPU.Build.0 = Release|Any CPU
	EndGlobalSection
	GlobalSection(SolutionProperties) = preSolution
		HideSolutionNode = FALSE
	EndGlobalSection
	GlobalSection(ExtensibilityGlobals) = postSolution
		SolutionGuid = {F1895795-26EE-4783-9A5F-0FF1455512A5}
	EndGlobalSection
EndGlobal
